
Microsoft Visual Studio Solution File, Format Version 12.00
# Visual Studio Version 16
VisualStudioVersion = 16.0.31729.503
MinimumVisualStudioVersion = 10.0.40219.1
Project("{9A19103F-16F7-4668-BE54-9A1E7A4F7556}") = "SimpleBrokeredMessaging.Sender", "SimpleBrokeredMessaging.Sender\SimpleBrokeredMessaging.Sender.csproj", "{782FC7FE-32F1-4A74-B2CD-1551467384A5}"
EndProject
Project("{FAE04EC0-301F-11D3-BF4B-00C04F79EFBC}") = "SimpleBrokeredMessaging.Receiver", "SimpleBrokeredMessaging.Receiver\SimpleBrokeredMessaging.Receiver.csproj", "{61BAF2C5-FA82-455E-81B1-0E25F9ADFE74}"
EndProject
Project("{FAE04EC0-301F-11D3-BF4B-00C04F79EFBC}") = "SimpleBrokeredMessaging.ChatConsole", "SimpleBrokeredMessaging.ChatConsole\SimpleBrokeredMessaging.ChatConsole.csproj", "{C5FDF497-43A9-4B38-BA72-8F78DEAF464B}"
EndProject
Global
	GlobalSection(SolutionConfigurationPlatforms) = preSolution
		Debug|Any CPU = Debug|Any CPU
		Debug|x64 = Debug|x64
		Debug|x86 = Debug|x86
		Release|Any CPU = Release|Any CPU
		Release|x64 = Release|x64
		Release|x86 = Release|x86
	EndGlobalSection
	GlobalSection(ProjectConfigurationPlatforms) = postSolution
		{782FC7FE-32F1-4A74-B2CD-1551467384A5}.Debug|Any CPU.ActiveCfg = Debug|Any CPU
		{782FC7FE-32F1-4A74-B2CD-1551467384A5}.Debug|Any CPU.Build.0 = Debug|Any CPU
		{782FC7FE-32F1-4A74-B2CD-1551467384A5}.Debug|x64.ActiveCfg = Debug|Any CPU
		{782FC7FE-32F1-4A74-B2CD-1551467384A5}.Debug|x64.Build.0 = Debug|Any CPU
		{782FC7FE-32F1-4A74-B2CD-1551467384A5}.Debug|x86.ActiveCfg = Debug|Any CPU
		{782FC7FE-32F1-4A74-B2CD-1551467384A5}.Debug|x86.Build.0 = Debug|Any CPU
		{782FC7FE-32F1-4A74-B2CD-1551467384A5}.Release|Any CPU.ActiveCfg = Release|Any CPU
		{782FC7FE-32F1-4A74-B2CD-1551467384A5}.Release|Any CPU.Build.0 = Release|Any CPU
		{782FC7FE-32F1-4A74-B2CD-1551467384A5}.Release|x64.ActiveCfg = Release|Any CPU
		{782FC7FE-32F1-4A74-B2CD-1551467384A5}.Release|x64.Build.0 = Release|Any CPU
		{782FC7FE-32F1-4A74-B2CD-1551467384A5}.Release|x86.ActiveCfg = Release|Any CPU
		{782FC7FE-32F1-4A74-B2CD-1551467384A5}.Release|x86.Build.0 = Release|Any CPU
		{61BAF2C5-FA82-455E-81B1-0E25F9ADFE74}.Debug|Any CPU.ActiveCfg = Debug|Any CPU
		{61BAF2C5-FA82-455E-81B1-0E25F9ADFE74}.Debug|Any CPU.Build.0 = Debug|Any CPU
		{61BAF2C5-FA82-455E-81B1-0E25F9ADFE74}.Debug|x64.ActiveCfg = Debug|Any CPU
		{61BAF2C5-FA82-455E-81B1-0E25F9ADFE74}.Debug|x64.Build.0 = Debug|Any CPU
		{61BAF2C5-FA82-455E-81B1-0E25F9ADFE74}.Debug|x86.ActiveCfg = Debug|Any CPU
		{61BAF2C5-FA82-455E-81B1-0E25F9ADFE74}.Debug|x86.Build.0 = Debug|Any CPU
		{61BAF2C5-FA82-455E-81B1-0E25F9ADFE74}.Release|Any CPU.ActiveCfg = Release|Any CPU
		{61BAF2C5-FA82-455E-81B1-0E25F9ADFE74}.Release|Any CPU.Build.0 = Release|Any CPU
		{61BAF2C5-FA82-455E-81B1-0E25F9ADFE74}.Release|x64.ActiveCfg = Release|Any CPU
		{61BAF2C5-FA82-455E-81B1-0E25F9ADFE74}.Release|x64.Build.0 = Release|Any CPU
		{61BAF2C5-FA82-455E-81B1-0E25F9ADFE74}.Release|x86.ActiveCfg = Release|Any CPU
		{61BAF2C5-FA82-455E-81B1-0E25F9ADFE74}.Release|x86.Build.0 = Release|Any CPU
		{C5FDF497-43A9-4B38-BA72-8F78DEAF464B}.Debug|Any CPU.ActiveCfg = Debug|Any CPU
		{C5FDF497-43A9-4B38-BA72-8F78DEAF464B}.Debug|Any CPU.Build.0 = Debug|Any CPU
		{C5FDF497-43A9-4B38-BA72-8F78DEAF464B}.Debug|x64.ActiveCfg = Debug|Any CPU
		{C5FDF497-43A9-4B38-BA72-8F78DEAF464B}.Debug|x64.Build.0 = Debug|Any CPU
		{C5FDF497-43A9-4B38-BA72-8F78DEAF464B}.Debug|x86.ActiveCfg = Debug|Any CPU
		{C5FDF497-43A9-4B38-BA72-8F78DEAF464B}.Debug|x86.Build.0 = Debug|Any CPU
		{C5FDF497-43A9-4B38-BA72-8F78DEAF464B}.Release|Any CPU.ActiveCfg = Release|Any CPU
		{C5FDF497-43A9-4B38-BA72-8F78DEAF464B}.Release|Any CPU.Build.0 = Release|Any CPU
		{C5FDF497-43A9-4B38-BA72-8F78DEAF464B}.Release|x64.ActiveCfg = Release|Any CPU
		{C5FDF497-43A9-4B38-BA72-8F78DEAF464B}.Release|x64.Build.0 = Release|Any CPU
		{C5FDF497-43A9-4B38-BA72-8F78DEAF464B}.Release|x86.ActiveCfg = Release|Any CPU
		{C5FDF497-43A9-4B38-BA72-8F78DEAF464B}.Release|x86.Build.0 = Release|Any CPU
	EndGlobalSection
	GlobalSection(SolutionProperties) = preSolution
		HideSolutionNode = FALSE
	EndGlobalSection
	GlobalSection(ExtensibilityGlobals) = postSolution
		SolutionGuid = {593E84D0-7CBE-45DB-B60A-2B03DA3F5DB7}
	EndGlobalSection
EndGlobal
